
Microsoft Visual Studio Solution File, Format Version 12.00
# Visual Studio Version 16
VisualStudioVersion = 16.0.31112.23
MinimumVisualStudioVersion = 10.0.40219.1
Project("{FAE04EC0-301F-11D3-BF4B-00C04F79EFBC}") = "RedisDemo", "RedisDemo\RedisDemo.csproj", "{2917D512-FD21-4B41-B819-B5CD503DFFAE}"
EndProject
Global
	GlobalSection(SolutionConfigurationPlatforms) = preSolution
		Debug|Any CPU = Debug|Any CPU
		Release|Any CPU = Release|Any CPU
	EndGlobalSection
	GlobalSection(ProjectConfigurationPlatforms) = postSolution
		{2917D512-FD21-4B41-B819-B5CD503DFFAE}.Debug|Any CPU.ActiveCfg = Debug|Any CPU
		{2917D512-FD21-4B41-B819-B5CD503DFFAE}.Debug|Any CPU.Build.0 = Debug|Any CPU
		{2917D512-FD21-4B41-B819-B5CD503DFFAE}.Release|Any CPU.ActiveCfg = Release|Any CPU
		{2917D512-FD21-4B41-B819-B5CD503DFFAE}.Release|Any CPU.Build.0 = Release|Any CPU
	EndGlobalSection
	GlobalSection(SolutionProperties) = preSolution
		HideSolutionNode = FALSE
	EndGlobalSection
	GlobalSection(ExtensibilityGlobals) = postSolution
		SolutionGuid = {386B607E-CB65-4BD5-9E8C-61EFE33CC11A}
	EndGlobalSection
EndGlobal
